
Microsoft Visual Studio Solution File, Format Version 9.00
# Visual Studio 2005
Project("{8BC9CEB8-8B4A-11D0-8D11-00A0C91BC942}") = "_TT_Resolution-MSVC-2005", "_TT_Resolution-MSVC-2005.vcproj", "{0F92A8A0-9629-471A-BFA2-9736AE9FDDBB}"
EndProject
Global
	GlobalSection(SolutionConfigurationPlatforms) = preSolution
		Debug|Win32 = Debug|Win32
		Release|Win32 = Release|Win32
	EndGlobalSection
	GlobalSection(ProjectConfigurationPlatforms) = postSolution
		{0F92A8A0-9629-471A-BFA2-9736AE9FDDBB}.Debug|Win32.ActiveCfg = Debug|Win32
		{0F92A8A0-9629-471A-BFA2-9736AE9FDDBB}.Debug|Win32.Build.0 = Debug|Win32
		{0F92A8A0-9629-471A-BFA2-9736AE9FDDBB}.Release|Win32.ActiveCfg = Release|Win32
		{0F92A8A0-9629-471A-BFA2-9736AE9FDDBB}.Release|Win32.Build.0 = Release|Win32
	EndGlobalSection
	GlobalSection(SolutionProperties) = preSolution
		HideSolutionNode = FALSE
	EndGlobalSection
EndGlobal
